
Microsoft Visual Studio Solution File, Format Version 10.00
# Visual Studio 2008
Project("{FAE04EC0-301F-11D3-BF4B-00C04F79EFBC}") = "robot", "robot\robot.csproj", "{5D7FB7C5-E977-42BD-B811-F67B2246646F}"
EndProject
Global
	GlobalSection(SolutionConfigurationPlatforms) = preSolution
		Debug|Any CPU = Debug|Any CPU
		Release|Any CPU = Release|Any CPU
	EndGlobalSection
	GlobalSection(ProjectConfigurationPlatforms) = postSolution
		{5D7FB7C5-E977-42BD-B811-F67B2246646F}.Debug|Any CPU.ActiveCfg = Debug|Any CPU
		{5D7FB7C5-E977-42BD-B811-F67B2246646F}.Debug|Any CPU.Build.0 = Debug|Any CPU
		{5D7FB7C5-E977-42BD-B811-F67B2246646F}.Release|Any CPU.ActiveCfg = Release|Any CPU
		{5D7FB7C5-E977-42BD-B811-F67B2246646F}.Release|Any CPU.Build.0 = Release|Any CPU
	EndGlobalSection
	GlobalSection(SolutionProperties) = preSolution
		HideSolutionNode = FALSE
	EndGlobalSection
EndGlobal
